dependencies:
- name: kube-prometheus-stack
  repository: https://prometheus-community.github.io/helm-charts
  version: 83.0.0
- name: loki-stack
  repository: https://grafana.github.io/helm-charts
  version: 2.10.3
digest: sha256:9dff2cdfdb2bc95a62dc5fa63d0ce7e4021a2b555345e37631288a1520c29c1d
generated: "2026-04-07T05:33:21.261129729Z"
