dependencies:
- name: prometheus
  repository: https://prometheus-community.github.io/helm-charts
  version: 28.2.1
- name: kube-prometheus-stack
  repository: https://prometheus-community.github.io/helm-charts
  version: 80.4.2
- name: loki-stack
  repository: https://grafana.github.io/helm-charts
  version: 2.10.3
digest: sha256:4be66a05687388371af1ea5a2f1975278c746801e4c2423f7bdbbea09a652621
generated: "2026-04-07T09:43:59.51794429Z"
