dependencies:
- name: prometheus
  repository: https://prometheus-community.github.io/helm-charts
  version: 28.2.1
- name: kube-prometheus-stack
  repository: https://prometheus-community.github.io/helm-charts
  version: 80.14.4
- name: loki-stack
  repository: https://grafana.github.io/helm-charts
  version: 2.10.3
digest: sha256:ef70b42934ed63db5faf9c94e7a599e08eb038f037fd1b5a550798d49b6f8299
generated: "2026-04-07T01:42:09.759724311Z"
